<?xml version="1.0" encoding="utf-8"?>
<Project ToolsVersion="4.0" xmlns="http://schemas.microsoft.com/developer/msbuild/2003">
  <ItemGroup>
    <Filter Include="include">
      <UniqueIdentifier>{c0e1bc7c-4bd8-48c7-9f44-b4db087b7883}</UniqueIdentifier>
    </Filter>
    <Filter Include="src">
      <UniqueIdentifier>{bca9ea04-b428-4693-826f-91d9c9ac0ec4}</UniqueIdentifier>
    </Filter>
  </ItemGroup>
  <ItemGroup>
    <ClInclude Include="include\eePrerequisitesGainput.h" />
    <ClInclude Include="include\eeGaInput.h" />
  </ItemGroup>
  <ItemGroup>
    <ClCompile Include="src\eeGaInput.cpp" />
  </ItemGroup>
</Project>