<?xml version="1.0" encoding="utf-8"?>
<Project ToolsVersion="4.0" xmlns="http://schemas.microsoft.com/developer/msbuild/2003">
  <ItemGroup>
    <Filter Include="Resource Files">
      <UniqueIdentifier>{67DA6AB6-F800-4c08-8B7A-83BB121AAD01}</UniqueIdentifier>
      <Extensions>rc;ico;cur;bmp;dlg;rc2;rct;bin;rgs;gif;jpg;jpeg;jpe;resx;tiff;tif;png;wav;mfcribbon-ms</Extensions>
    </Filter>
    <Filter Include="include">
      <UniqueIdentifier>{bb639de1-52eb-4e9c-b178-216ac62f7144}</UniqueIdentifier>
    </Filter>
    <Filter Include="src">
      <UniqueIdentifier>{a7229cdb-25d7-4587-a34d-f844fe7e0979}</UniqueIdentifier>
    </Filter>
  </ItemGroup>
  <ItemGroup>
    <ClInclude Include="include\eeDX11Texture.h">
      <Filter>include</Filter>
    </ClInclude>
    <ClInclude Include="include\eeDX11GraphicsApi.h">
      <Filter>include</Filter>
    </ClInclude>
    <ClInclude Include="include\eePrerequisitesDX11.h">
      <Filter>include</Filter>
    </ClInclude>
    <ClInclude Include="include\eeDX11ConstantBuffer.h">
      <Filter>include</Filter>
    </ClInclude>
    <ClInclude Include="include\eeDX11IndexBuffer.h">
      <Filter>include</Filter>
    </ClInclude>
    <ClInclude Include="include\eeDX11PixelShader.h">
      <Filter>include</Filter>
    </ClInclude>
    <ClInclude Include="include\eeDX11VertexBuffer.h">
      <Filter>include</Filter>
    </ClInclude>
    <ClInclude Include="include\eeDX11VertexShader.h">
      <Filter>include</Filter>
    </ClInclude>
    <ClInclude Include="include\eeDX11DepthStencil.h">
      <Filter>include</Filter>
    </ClInclude>
    <ClInclude Include="include\eeDX11RasterizerState.h">
      <Filter>include</Filter>
    </ClInclude>
    <ClInclude Include="include\eeDX11RenderTarget.h">
      <Filter>include</Filter>
    </ClInclude>
    <ClInclude Include="include\eeDX11SamplerState.h">
      <Filter>include</Filter>
    </ClInclude>
  </ItemGroup>
  <ItemGroup>
    <ClCompile Include="src\eeDX11Texture.cpp">
      <Filter>src</Filter>
    </ClCompile>
    <ClCompile Include="src\eeDX11GraphicsApi.cpp">
      <Filter>src</Filter>
    </ClCompile>
    <ClCompile Include="src\eeDX11ConstantBuffer.cpp">
      <Filter>src</Filter>
    </ClCompile>
    <ClCompile Include="src\eeDX11IndexBuffer.cpp">
      <Filter>src</Filter>
    </ClCompile>
    <ClCompile Include="src\eeDX11PixelShader.cpp">
      <Filter>src</Filter>
    </ClCompile>
    <ClCompile Include="src\eeDX11VertexBuffer.cpp">
      <Filter>src</Filter>
    </ClCompile>
    <ClCompile Include="src\eeDX11VertexShader.cpp">
      <Filter>src</Filter>
    </ClCompile>
    <ClCompile Include="src\eeDX11DepthStencil.cpp">
      <Filter>src</Filter>
    </ClCompile>
    <ClCompile Include="src\eeDX11RasterizerState.cpp">
      <Filter>src</Filter>
    </ClCompile>
    <ClCompile Include="src\eeDX11RenderTarget.cpp">
      <Filter>src</Filter>
    </ClCompile>
    <ClCompile Include="src\eeDX11SamplerState.cpp">
      <Filter>src</Filter>
    </ClCompile>
  </ItemGroup>
</Project>