<?xml version="1.0" encoding="utf-8"?>
<Project ToolsVersion="4.0" xmlns="http://schemas.microsoft.com/developer/msbuild/2003">
  <ItemGroup>
    <Filter Include="include">
      <UniqueIdentifier>{29777e4f-aec7-4399-ae16-3aaaa4f5a82b}</UniqueIdentifier>
    </Filter>
    <Filter Include="src">
      <UniqueIdentifier>{5824acc0-2a61-4552-9982-3304bc702e64}</UniqueIdentifier>
    </Filter>
  </ItemGroup>
  <ItemGroup>
    <ClCompile Include="src\eeCoreOGLTest.cpp">
      <Filter>src</Filter>
    </ClCompile>
    <ClCompile Include="src\eeBaseAppOGLTest.cpp">
      <Filter>src</Filter>
    </ClCompile>
  </ItemGroup>
  <ItemGroup>
    <ClInclude Include="include\eeBaseAppOGLTest.h">
      <Filter>include</Filter>
    </ClInclude>
  </ItemGroup>
</Project>