
Microsoft Visual Studio Solution File, Format Version 12.00
# Visual Studio Version 16
VisualStudioVersion = 16.0.31515.178
MinimumVisualStudioVersion = 10.0.40219.1
Project("{8BC9CEB8-8B4A-11D0-8D11-00A0C91BC942}") = "eeUtilities", "eeUtilities\eeUtilities.vcxproj", "{3D0C2046-53A4-46DA-AE64-3B8AB0A0E2AD}"
EndProject
Project("{8BC9CEB8-8B4A-11D0-8D11-00A0C91BC942}") = "eeUtilities_UnitTest", "eeUtilities_UnitTest\eeUtilities_UnitTest.vcxproj", "{7B0DD403-1146-4611-A637-3E750BA8D53A}"
	ProjectSection(ProjectDependencies) = postProject
		{3D0C2046-53A4-46DA-AE64-3B8AB0A0E2AD} = {3D0C2046-53A4-46DA-AE64-3B8AB0A0E2AD}
	EndProjectSection
EndProject
Project("{8BC9CEB8-8B4A-11D0-8D11-00A0C91BC942}") = "eeDX11GraphicsApi", "DX11GraphicsApi\DX11GraphicsApi.vcxproj", "{F7E825EA-18FC-43F9-931C-A5E1668CD452}"
	ProjectSection(ProjectDependencies) = postProject
		{4656BAF2-E8EB-46A2-B234-157A9F5B4FBB} = {4656BAF2-E8EB-46A2-B234-157A9F5B4FBB}
	EndProjectSection
EndProject
Project("{8BC9CEB8-8B4A-11D0-8D11-00A0C91BC942}") = "eeCore_Test", "eeCore_Test\eeCore_Test.vcxproj", "{8A42EB5E-B2EF-46C1-A7B4-A5166BA37036}"
	ProjectSection(ProjectDependencies) = postProject
		{D7CB7119-8467-4A94-83F7-2390D00E6569} = {D7CB7119-8467-4A94-83F7-2390D00E6569}
		{3D0C2046-53A4-46DA-AE64-3B8AB0A0E2AD} = {3D0C2046-53A4-46DA-AE64-3B8AB0A0E2AD}
		{64538B49-B012-43E5-B9CA-1940FD630F14} = {64538B49-B012-43E5-B9CA-1940FD630F14}
		{F7E825EA-18FC-43F9-931C-A5E1668CD452} = {F7E825EA-18FC-43F9-931C-A5E1668CD452}
		{C437AEF2-9229-47A4-B054-6BB8D396A311} = {C437AEF2-9229-47A4-B054-6BB8D396A311}
		{4656BAF2-E8EB-46A2-B234-157A9F5B4FBB} = {4656BAF2-E8EB-46A2-B234-157A9F5B4FBB}
	EndProjectSection
EndProject
Project("{8BC9CEB8-8B4A-11D0-8D11-00A0C91BC942}") = "eeCore", "eeCore\eeCore.vcxproj", "{4656BAF2-E8EB-46A2-B234-157A9F5B4FBB}"
	ProjectSection(ProjectDependencies) = postProject
		{3D0C2046-53A4-46DA-AE64-3B8AB0A0E2AD} = {3D0C2046-53A4-46DA-AE64-3B8AB0A0E2AD}
	EndProjectSection
EndProject
Project("{8BC9CEB8-8B4A-11D0-8D11-00A0C91BC942}") = "eeDeferredRenderer", "eeDeferredRenderer\eeDeferredRenderer.vcxproj", "{C437AEF2-9229-47A4-B054-6BB8D396A311}"
	ProjectSection(ProjectDependencies) = postProject
		{4656BAF2-E8EB-46A2-B234-157A9F5B4FBB} = {4656BAF2-E8EB-46A2-B234-157A9F5B4FBB}
	EndProjectSection
EndProject
Project("{8BC9CEB8-8B4A-11D0-8D11-00A0C91BC942}") = "eeGainput", "eeGainput\eeGainput.vcxproj", "{D7CB7119-8467-4A94-83F7-2390D00E6569}"
	ProjectSection(ProjectDependencies) = postProject
		{4656BAF2-E8EB-46A2-B234-157A9F5B4FBB} = {4656BAF2-E8EB-46A2-B234-157A9F5B4FBB}
	EndProjectSection
EndProject
Project("{8BC9CEB8-8B4A-11D0-8D11-00A0C91BC942}") = "eeOGLGraphicsApi", "eeOGLGraphicsApi\eeOGLGraphicsApi.vcxproj", "{FDA09275-77EC-4DEE-839E-30C50BA2940F}"
	ProjectSection(ProjectDependencies) = postProject
		{4656BAF2-E8EB-46A2-B234-157A9F5B4FBB} = {4656BAF2-E8EB-46A2-B234-157A9F5B4FBB}
	EndProjectSection
EndProject
Project("{8BC9CEB8-8B4A-11D0-8D11-00A0C91BC942}") = "eeCoreOGL_UnitTest", "eeCoreOGL_UnitTest\eeCoreOGL_UnitTest.vcxproj", "{811F5B2A-4C33-4ACF-9AF9-3276C54CE879}"
	ProjectSection(ProjectDependencies) = postProject
		{3D0C2046-53A4-46DA-AE64-3B8AB0A0E2AD} = {3D0C2046-53A4-46DA-AE64-3B8AB0A0E2AD}
		{FDA09275-77EC-4DEE-839E-30C50BA2940F} = {FDA09275-77EC-4DEE-839E-30C50BA2940F}
		{91FF25E8-3F01-424D-A3DC-C9C6352C2B74} = {91FF25E8-3F01-424D-A3DC-C9C6352C2B74}
		{4656BAF2-E8EB-46A2-B234-157A9F5B4FBB} = {4656BAF2-E8EB-46A2-B234-157A9F5B4FBB}
	EndProjectSection
EndProject
Project("{8BC9CEB8-8B4A-11D0-8D11-00A0C91BC942}") = "eeOGLTestRenderer", "eeOGLTestRenderer\eeOGLTestRenderer.vcxproj", "{91FF25E8-3F01-424D-A3DC-C9C6352C2B74}"
	ProjectSection(ProjectDependencies) = postProject
		{4656BAF2-E8EB-46A2-B234-157A9F5B4FBB} = {4656BAF2-E8EB-46A2-B234-157A9F5B4FBB}
	EndProjectSection
EndProject
Project("{8BC9CEB8-8B4A-11D0-8D11-00A0C91BC942}") = "eeFModAudioApi", "FModAudioApi\FModAudioApi.vcxproj", "{64538B49-B012-43E5-B9CA-1940FD630F14}"
	ProjectSection(ProjectDependencies) = postProject
		{4656BAF2-E8EB-46A2-B234-157A9F5B4FBB} = {4656BAF2-E8EB-46A2-B234-157A9F5B4FBB}
	EndProjectSection
EndProject
Project("{8BC9CEB8-8B4A-11D0-8D11-00A0C91BC942}") = "eeOmniverseApi", "eeOmniverseApi\eeOmniverseApi.vcxproj", "{D611C867-F02F-4F5F-9D4A-03AA81385A86}"
EndProject
Global
	GlobalSection(SolutionConfigurationPlatforms) = preSolution
		Debug|x64 = Debug|x64
		Debug|x86 = Debug|x86
		Release|x64 = Release|x64
		Release|x86 = Release|x86
	EndGlobalSection
	GlobalSection(ProjectConfigurationPlatforms) = postSolution
		{3D0C2046-53A4-46DA-AE64-3B8AB0A0E2AD}.Debug|x64.ActiveCfg = Debug|x64
		{3D0C2046-53A4-46DA-AE64-3B8AB0A0E2AD}.Debug|x64.Build.0 = Debug|x64
		{3D0C2046-53A4-46DA-AE64-3B8AB0A0E2AD}.Debug|x86.ActiveCfg = Debug|Win32
		{3D0C2046-53A4-46DA-AE64-3B8AB0A0E2AD}.Debug|x86.Build.0 = Debug|Win32
		{3D0C2046-53A4-46DA-AE64-3B8AB0A0E2AD}.Release|x64.ActiveCfg = Release|x64
		{3D0C2046-53A4-46DA-AE64-3B8AB0A0E2AD}.Release|x64.Build.0 = Release|x64
		{3D0C2046-53A4-46DA-AE64-3B8AB0A0E2AD}.Release|x86.ActiveCfg = Release|Win32
		{3D0C2046-53A4-46DA-AE64-3B8AB0A0E2AD}.Release|x86.Build.0 = Release|Win32
		{7B0DD403-1146-4611-A637-3E750BA8D53A}.Debug|x64.ActiveCfg = Debug|x64
		{7B0DD403-1146-4611-A637-3E750BA8D53A}.Debug|x64.Build.0 = Debug|x64
		{7B0DD403-1146-4611-A637-3E750BA8D53A}.Debug|x86.ActiveCfg = Debug|Win32
		{7B0DD403-1146-4611-A637-3E750BA8D53A}.Debug|x86.Build.0 = Debug|Win32
		{7B0DD403-1146-4611-A637-3E750BA8D53A}.Release|x64.ActiveCfg = Release|x64
		{7B0DD403-1146-4611-A637-3E750BA8D53A}.Release|x64.Build.0 = Release|x64
		{7B0DD403-1146-4611-A637-3E750BA8D53A}.Release|x86.ActiveCfg = Release|Win32
		{7B0DD403-1146-4611-A637-3E750BA8D53A}.Release|x86.Build.0 = Release|Win32
		{F7E825EA-18FC-43F9-931C-A5E1668CD452}.Debug|x64.ActiveCfg = Debug|x64
		{F7E825EA-18FC-43F9-931C-A5E1668CD452}.Debug|x64.Build.0 = Debug|x64
		{F7E825EA-18FC-43F9-931C-A5E1668CD452}.Debug|x86.ActiveCfg = Debug|Win32
		{F7E825EA-18FC-43F9-931C-A5E1668CD452}.Debug|x86.Build.0 = Debug|Win32
		{F7E825EA-18FC-43F9-931C-A5E1668CD452}.Release|x64.ActiveCfg = Release|x64
		{F7E825EA-18FC-43F9-931C-A5E1668CD452}.Release|x64.Build.0 = Release|x64
		{F7E825EA-18FC-43F9-931C-A5E1668CD452}.Release|x86.ActiveCfg = Release|Win32
		{F7E825EA-18FC-43F9-931C-A5E1668CD452}.Release|x86.Build.0 = Release|Win32
		{8A42EB5E-B2EF-46C1-A7B4-A5166BA37036}.Debug|x64.ActiveCfg = Debug|x64
		{8A42EB5E-B2EF-46C1-A7B4-A5166BA37036}.Debug|x64.Build.0 = Debug|x64
		{8A42EB5E-B2EF-46C1-A7B4-A5166BA37036}.Debug|x86.ActiveCfg = Debug|Win32
		{8A42EB5E-B2EF-46C1-A7B4-A5166BA37036}.Debug|x86.Build.0 = Debug|Win32
		{8A42EB5E-B2EF-46C1-A7B4-A5166BA37036}.Release|x64.ActiveCfg = Release|x64
		{8A42EB5E-B2EF-46C1-A7B4-A5166BA37036}.Release|x64.Build.0 = Release|x64
		{8A42EB5E-B2EF-46C1-A7B4-A5166BA37036}.Release|x86.ActiveCfg = Release|Win32
		{8A42EB5E-B2EF-46C1-A7B4-A5166BA37036}.Release|x86.Build.0 = Release|Win32
		{4656BAF2-E8EB-46A2-B234-157A9F5B4FBB}.Debug|x64.ActiveCfg = Debug|x64
		{4656BAF2-E8EB-46A2-B234-157A9F5B4FBB}.Debug|x64.Build.0 = Debug|x64
		{4656BAF2-E8EB-46A2-B234-157A9F5B4FBB}.Debug|x86.ActiveCfg = Debug|Win32
		{4656BAF2-E8EB-46A2-B234-157A9F5B4FBB}.Debug|x86.Build.0 = Debug|Win32
		{4656BAF2-E8EB-46A2-B234-157A9F5B4FBB}.Release|x64.ActiveCfg = Release|x64
		{4656BAF2-E8EB-46A2-B234-157A9F5B4FBB}.Release|x64.Build.0 = Release|x64
		{4656BAF2-E8EB-46A2-B234-157A9F5B4FBB}.Release|x86.ActiveCfg = Release|Win32
		{4656BAF2-E8EB-46A2-B234-157A9F5B4FBB}.Release|x86.Build.0 = Release|Win32
		{C437AEF2-9229-47A4-B054-6BB8D396A311}.Debug|x64.ActiveCfg = Debug|x64
		{C437AEF2-9229-47A4-B054-6BB8D396A311}.Debug|x64.Build.0 = Debug|x64
		{C437AEF2-9229-47A4-B054-6BB8D396A311}.Debug|x86.ActiveCfg = Debug|Win32
		{C437AEF2-9229-47A4-B054-6BB8D396A311}.Debug|x86.Build.0 = Debug|Win32
		{C437AEF2-9229-47A4-B054-6BB8D396A311}.Release|x64.ActiveCfg = Release|x64
		{C437AEF2-9229-47A4-B054-6BB8D396A311}.Release|x64.Build.0 = Release|x64
		{C437AEF2-9229-47A4-B054-6BB8D396A311}.Release|x86.ActiveCfg = Release|Win32
		{C437AEF2-9229-47A4-B054-6BB8D396A311}.Release|x86.Build.0 = Release|Win32
		{D7CB7119-8467-4A94-83F7-2390D00E6569}.Debug|x64.ActiveCfg = Debug|x64
		{D7CB7119-8467-4A94-83F7-2390D00E6569}.Debug|x64.Build.0 = Debug|x64
		{D7CB7119-8467-4A94-83F7-2390D00E6569}.Debug|x86.ActiveCfg = Debug|Win32
		{D7CB7119-8467-4A94-83F7-2390D00E6569}.Debug|x86.Build.0 = Debug|Win32
		{D7CB7119-8467-4A94-83F7-2390D00E6569}.Release|x64.ActiveCfg = Release|x64
		{D7CB7119-8467-4A94-83F7-2390D00E6569}.Release|x64.Build.0 = Release|x64
		{D7CB7119-8467-4A94-83F7-2390D00E6569}.Release|x86.ActiveCfg = Release|Win32
		{D7CB7119-8467-4A94-83F7-2390D00E6569}.Release|x86.Build.0 = Release|Win32
		{FDA09275-77EC-4DEE-839E-30C50BA2940F}.Debug|x64.ActiveCfg = Debug|x64
		{FDA09275-77EC-4DEE-839E-30C50BA2940F}.Debug|x64.Build.0 = Debug|x64
		{FDA09275-77EC-4DEE-839E-30C50BA2940F}.Debug|x86.ActiveCfg = Debug|Win32
		{FDA09275-77EC-4DEE-839E-30C50BA2940F}.Debug|x86.Build.0 = Debug|Win32
		{FDA09275-77EC-4DEE-839E-30C50BA2940F}.Release|x64.ActiveCfg = Release|x64
		{FDA09275-77EC-4DEE-839E-30C50BA2940F}.Release|x64.Build.0 = Release|x64
		{FDA09275-77EC-4DEE-839E-30C50BA2940F}.Release|x86.ActiveCfg = Release|Win32
		{FDA09275-77EC-4DEE-839E-30C50BA2940F}.Release|x86.Build.0 = Release|Win32
		{811F5B2A-4C33-4ACF-9AF9-3276C54CE879}.Debug|x64.ActiveCfg = Debug|x64
		{811F5B2A-4C33-4ACF-9AF9-3276C54CE879}.Debug|x64.Build.0 = Debug|x64
		{811F5B2A-4C33-4ACF-9AF9-3276C54CE879}.Debug|x86.ActiveCfg = Debug|Win32
		{811F5B2A-4C33-4ACF-9AF9-3276C54CE879}.Debug|x86.Build.0 = Debug|Win32
		{811F5B2A-4C33-4ACF-9AF9-3276C54CE879}.Release|x64.ActiveCfg = Release|x64
		{811F5B2A-4C33-4ACF-9AF9-3276C54CE879}.Release|x64.Build.0 = Release|x64
		{811F5B2A-4C33-4ACF-9AF9-3276C54CE879}.Release|x86.ActiveCfg = Release|Win32
		{811F5B2A-4C33-4ACF-9AF9-3276C54CE879}.Release|x86.Build.0 = Release|Win32
		{91FF25E8-3F01-424D-A3DC-C9C6352C2B74}.Debug|x64.ActiveCfg = Debug|x64
		{91FF25E8-3F01-424D-A3DC-C9C6352C2B74}.Debug|x64.Build.0 = Debug|x64
		{91FF25E8-3F01-424D-A3DC-C9C6352C2B74}.Debug|x86.ActiveCfg = Debug|Win32
		{91FF25E8-3F01-424D-A3DC-C9C6352C2B74}.Debug|x86.Build.0 = Debug|Win32
		{91FF25E8-3F01-424D-A3DC-C9C6352C2B74}.Release|x64.ActiveCfg = Release|x64
		{91FF25E8-3F01-424D-A3DC-C9C6352C2B74}.Release|x64.Build.0 = Release|x64
		{91FF25E8-3F01-424D-A3DC-C9C6352C2B74}.Release|x86.ActiveCfg = Release|Win32
		{91FF25E8-3F01-424D-A3DC-C9C6352C2B74}.Release|x86.Build.0 = Release|Win32
		{64538B49-B012-43E5-B9CA-1940FD630F14}.Debug|x64.ActiveCfg = Debug|x64
		{64538B49-B012-43E5-B9CA-1940FD630F14}.Debug|x64.Build.0 = Debug|x64
		{64538B49-B012-43E5-B9CA-1940FD630F14}.Debug|x86.ActiveCfg = Debug|Win32
		{64538B49-B012-43E5-B9CA-1940FD630F14}.Debug|x86.Build.0 = Debug|Win32
		{64538B49-B012-43E5-B9CA-1940FD630F14}.Release|x64.ActiveCfg = Release|x64
		{64538B49-B012-43E5-B9CA-1940FD630F14}.Release|x64.Build.0 = Release|x64
		{64538B49-B012-43E5-B9CA-1940FD630F14}.Release|x86.ActiveCfg = Release|Win32
		{64538B49-B012-43E5-B9CA-1940FD630F14}.Release|x86.Build.0 = Release|Win32
		{D611C867-F02F-4F5F-9D4A-03AA81385A86}.Debug|x64.ActiveCfg = Debug|x64
		{D611C867-F02F-4F5F-9D4A-03AA81385A86}.Debug|x64.Build.0 = Debug|x64
		{D611C867-F02F-4F5F-9D4A-03AA81385A86}.Debug|x86.ActiveCfg = Debug|Win32
		{D611C867-F02F-4F5F-9D4A-03AA81385A86}.Debug|x86.Build.0 = Debug|Win32
		{D611C867-F02F-4F5F-9D4A-03AA81385A86}.Release|x64.ActiveCfg = Release|x64
		{D611C867-F02F-4F5F-9D4A-03AA81385A86}.Release|x64.Build.0 = Release|x64
		{D611C867-F02F-4F5F-9D4A-03AA81385A86}.Release|x86.ActiveCfg = Release|Win32
		{D611C867-F02F-4F5F-9D4A-03AA81385A86}.Release|x86.Build.0 = Release|Win32
	EndGlobalSection
	GlobalSection(SolutionProperties) = preSolution
		HideSolutionNode = FALSE
	EndGlobalSection
	GlobalSection(ExtensibilityGlobals) = postSolution
		SolutionGuid = {73AF002B-1050-4C88-9C9C-CA48C90CE1B8}
	EndGlobalSection
EndGlobal
