<?xml version="1.0" encoding="utf-8"?>
<Project ToolsVersion="4.0" xmlns="http://schemas.microsoft.com/developer/msbuild/2003">
  <ItemGroup>
    <Filter Include="include">
      <UniqueIdentifier>{97d6a083-0a2c-453e-9d7a-f5fbe745a3be}</UniqueIdentifier>
    </Filter>
    <Filter Include="src">
      <UniqueIdentifier>{2fbad882-d942-4d2f-8bd6-a315644d8158}</UniqueIdentifier>
    </Filter>
    <Filter Include="include\Platform">
      <UniqueIdentifier>{aacd84e0-924e-45da-a81f-0a2f4ce4a1d7}</UniqueIdentifier>
    </Filter>
  </ItemGroup>
  <ItemGroup>
    <ClInclude Include="include\eeBuffer.h">
      <Filter>include</Filter>
    </ClInclude>
    <ClInclude Include="include\eeMesh.h">
      <Filter>include</Filter>
    </ClInclude>
    <ClInclude Include="include\eeModel.h">
      <Filter>include</Filter>
    </ClInclude>
    <ClInclude Include="include\eeVertex.h">
      <Filter>include</Filter>
    </ClInclude>
    <ClInclude Include="include\eeTexture.h">
      <Filter>include</Filter>
    </ClInclude>
    <ClInclude Include="include\eeInputLayout.h">
      <Filter>include</Filter>
    </ClInclude>
    <ClInclude Include="include\eePixelShader.h">
      <Filter>include</Filter>
    </ClInclude>
    <ClInclude Include="include\eeVertexShader.h">
      <Filter>include</Filter>
    </ClInclude>
    <ClInclude Include="..\eeUtilities\include\eeGraficsApi.h">
      <Filter>include</Filter>
    </ClInclude>
    <ClInclude Include="include\eeCoreConfiguration.h">
      <Filter>include\Platform</Filter>
    </ClInclude>
    <ClInclude Include="include\eePrerequisitesCore.h">
      <Filter>include\Platform</Filter>
    </ClInclude>
    <ClInclude Include="include\eeObject.h">
      <Filter>include</Filter>
    </ClInclude>
    <ClInclude Include="include\eeBaseApp.h">
      <Filter>include</Filter>
    </ClInclude>
    <ClInclude Include="include\eeResourceManager.h">
      <Filter>include</Filter>
    </ClInclude>
    <ClInclude Include="include\eeInput.h">
      <Filter>include</Filter>
    </ClInclude>
    <ClInclude Include="include\eeConstantBuffer.h">
      <Filter>include</Filter>
    </ClInclude>
    <ClInclude Include="include\eeIndexBuffer.h">
      <Filter>include</Filter>
    </ClInclude>
    <ClInclude Include="include\eeRenderTarget.h">
      <Filter>include</Filter>
    </ClInclude>
    <ClInclude Include="include\eeVertexBuffer.h">
      <Filter>include</Filter>
    </ClInclude>
    <ClInclude Include="include\eeDepthStencil.h" />
    <ClInclude Include="include\eeSamplerState.h">
      <Filter>include</Filter>
    </ClInclude>
    <ClInclude Include="include\eeCoreDefines.h" />
    <ClInclude Include="include\eeRasterizerState.h" />
    <ClInclude Include="include\eeDepthStencilState.h" />
    <ClInclude Include="include\eeBlendState.h" />
  </ItemGroup>
  <ItemGroup>
    <ClCompile Include="src\eeBuffer.cpp">
      <Filter>src</Filter>
    </ClCompile>
    <ClCompile Include="src\eeMesh.cpp">
      <Filter>src</Filter>
    </ClCompile>
    <ClCompile Include="src\eeModel.cpp">
      <Filter>src</Filter>
    </ClCompile>
    <ClCompile Include="src\eeTexture.cpp">
      <Filter>src</Filter>
    </ClCompile>
    <ClCompile Include="src\eeInputLayout.cpp">
      <Filter>src</Filter>
    </ClCompile>
    <ClCompile Include="src\eePixelShader.cpp">
      <Filter>src</Filter>
    </ClCompile>
    <ClCompile Include="src\eeVertexShader.cpp">
      <Filter>src</Filter>
    </ClCompile>
    <ClCompile Include="..\eeUtilities\src\eeGraficsApi.cpp">
      <Filter>src</Filter>
    </ClCompile>
    <ClCompile Include="src\eeObject.cpp">
      <Filter>src</Filter>
    </ClCompile>
    <ClCompile Include="src\eeBaseApp.cpp">
      <Filter>src</Filter>
    </ClCompile>
    <ClCompile Include="src\eeResourceManager.cpp">
      <Filter>src</Filter>
    </ClCompile>
    <ClCompile Include="src\eeInput.cpp">
      <Filter>src</Filter>
    </ClCompile>
    <ClCompile Include="src\eeConstantBuffer.cpp">
      <Filter>src</Filter>
    </ClCompile>
    <ClCompile Include="src\eeIndexBuffer.cpp">
      <Filter>src</Filter>
    </ClCompile>
    <ClCompile Include="src\eeRenderTarget.cpp">
      <Filter>src</Filter>
    </ClCompile>
    <ClCompile Include="src\eeVertexBuffer.cpp">
      <Filter>src</Filter>
    </ClCompile>
    <ClCompile Include="src\eeDepthStencil.cpp" />
    <ClCompile Include="src\eeSamplerState.cpp">
      <Filter>src</Filter>
    </ClCompile>
    <ClCompile Include="src\eeRasterizerState.cpp" />
    <ClCompile Include="src\eeDepthStencilState.cpp" />
    <ClCompile Include="src\eeBlendState.cpp" />
  </ItemGroup>
</Project>