<?xml version="1.0" encoding="utf-8"?>
<Project ToolsVersion="4.0" xmlns="http://schemas.microsoft.com/developer/msbuild/2003">
  <ItemGroup>
    <Filter Include="include">
      <UniqueIdentifier>{97d6a083-0a2c-453e-9d7a-f5fbe745a3be}</UniqueIdentifier>
    </Filter>
    <Filter Include="src">
      <UniqueIdentifier>{2fbad882-d942-4d2f-8bd6-a315644d8158}</UniqueIdentifier>
    </Filter>
    <Filter Include="include\Platform">
      <UniqueIdentifier>{aacd84e0-924e-45da-a81f-0a2f4ce4a1d7}</UniqueIdentifier>
    </Filter>
    <Filter Include="include\SceneGraph">
      <UniqueIdentifier>{ea0023f0-159d-409f-9f65-e9fb21edb80c}</UniqueIdentifier>
    </Filter>
    <Filter Include="include\SceneGraph\Components">
      <UniqueIdentifier>{e2444e55-f22a-45bc-b606-41b26a46319e}</UniqueIdentifier>
    </Filter>
    <Filter Include="src\SceneGraph">
      <UniqueIdentifier>{96934ff6-d536-4cc3-b24e-42fcda7c0ac9}</UniqueIdentifier>
    </Filter>
    <Filter Include="src\SceneGraph\Components">
      <UniqueIdentifier>{0bbef58c-4df7-4dec-b875-207c6f4b55b9}</UniqueIdentifier>
    </Filter>
    <Filter Include="include\Graphics">
      <UniqueIdentifier>{cf1e2103-6e2f-4aea-9b92-188185d8dfb2}</UniqueIdentifier>
    </Filter>
    <Filter Include="include\Resources">
      <UniqueIdentifier>{b1af8962-0f85-4bbf-92e6-f8633cfef29f}</UniqueIdentifier>
    </Filter>
    <Filter Include="src\Graphics">
      <UniqueIdentifier>{a27f372a-3c83-4394-b0f0-0955765772dd}</UniqueIdentifier>
    </Filter>
    <Filter Include="src\Resources">
      <UniqueIdentifier>{902ed9bd-50a9-4e2b-935b-dbf92d9a9ac7}</UniqueIdentifier>
    </Filter>
  </ItemGroup>
  <ItemGroup>
    <ClInclude Include="include\eeCoreConfiguration.h">
      <Filter>include\Platform</Filter>
    </ClInclude>
    <ClInclude Include="include\eePrerequisitesCore.h">
      <Filter>include\Platform</Filter>
    </ClInclude>
    <ClInclude Include="include\eeBaseApp.h">
      <Filter>include</Filter>
    </ClInclude>
    <ClInclude Include="include\eeInput.h">
      <Filter>include</Filter>
    </ClInclude>
    <ClInclude Include="include\eeCoreDefines.h">
      <Filter>include\Platform</Filter>
    </ClInclude>
    <ClInclude Include="include\eeComponent.h">
      <Filter>include\SceneGraph\Components</Filter>
    </ClInclude>
    <ClInclude Include="include\eeCTransform.h">
      <Filter>include\SceneGraph\Components</Filter>
    </ClInclude>
    <ClInclude Include="include\eeCModel.h">
      <Filter>include\SceneGraph\Components</Filter>
    </ClInclude>
    <ClInclude Include="include\eeCRender.h">
      <Filter>include\SceneGraph\Components</Filter>
    </ClInclude>
    <ClInclude Include="include\eeActor.h">
      <Filter>include\SceneGraph</Filter>
    </ClInclude>
    <ClInclude Include="include\eeSceneManager.h">
      <Filter>include\SceneGraph</Filter>
    </ClInclude>
    <ClInclude Include="include\eeScene.h">
      <Filter>include\SceneGraph</Filter>
    </ClInclude>
    <ClInclude Include="include\eeCCamera.h">
      <Filter>include\SceneGraph\Components</Filter>
    </ClInclude>
    <ClInclude Include="include\eeCAnimation.h">
      <Filter>include\SceneGraph\Components</Filter>
    </ClInclude>
    <ClInclude Include="include\eeCSkeletalMesh.h">
      <Filter>include\SceneGraph\Components</Filter>
    </ClInclude>
    <ClInclude Include="include\eeBlendState.h">
      <Filter>include\Graphics</Filter>
    </ClInclude>
    <ClInclude Include="include\eeBuffer.h">
      <Filter>include\Graphics</Filter>
    </ClInclude>
    <ClInclude Include="include\eeConstantBuffer.h">
      <Filter>include\Graphics</Filter>
    </ClInclude>
    <ClInclude Include="include\eeDepthStencil.h">
      <Filter>include\Graphics</Filter>
    </ClInclude>
    <ClInclude Include="include\eeDepthStencilState.h">
      <Filter>include\Graphics</Filter>
    </ClInclude>
    <ClInclude Include="..\eeUtilities\include\eeGraficsApi.h">
      <Filter>include\Graphics</Filter>
    </ClInclude>
    <ClInclude Include="include\eeIndexBuffer.h">
      <Filter>include\Graphics</Filter>
    </ClInclude>
    <ClInclude Include="include\eeInputLayout.h">
      <Filter>include\Graphics</Filter>
    </ClInclude>
    <ClInclude Include="include\eePixelShader.h">
      <Filter>include\Graphics</Filter>
    </ClInclude>
    <ClInclude Include="include\eeRasterizerState.h">
      <Filter>include\Graphics</Filter>
    </ClInclude>
    <ClInclude Include="include\eeRenderTarget.h">
      <Filter>include\Graphics</Filter>
    </ClInclude>
    <ClInclude Include="include\eeSamplerState.h">
      <Filter>include\Graphics</Filter>
    </ClInclude>
    <ClInclude Include="include\eeTexture.h">
      <Filter>include\Graphics</Filter>
    </ClInclude>
    <ClInclude Include="include\eeVertexBuffer.h">
      <Filter>include\Graphics</Filter>
    </ClInclude>
    <ClInclude Include="include\eeVertexShader.h">
      <Filter>include\Graphics</Filter>
    </ClInclude>
    <ClInclude Include="include\eeVertex.h">
      <Filter>include\Graphics</Filter>
    </ClInclude>
    <ClInclude Include="include\eeAnimation.h">
      <Filter>include\Resources</Filter>
    </ClInclude>
    <ClInclude Include="include\eeMesh.h">
      <Filter>include\Resources</Filter>
    </ClInclude>
    <ClInclude Include="include\eeModel.h">
      <Filter>include\Resources</Filter>
    </ClInclude>
    <ClInclude Include="include\eeObject.h">
      <Filter>include\Resources</Filter>
    </ClInclude>
    <ClInclude Include="include\eeResourceManager.h">
      <Filter>include\Resources</Filter>
    </ClInclude>
    <ClInclude Include="include\eeSkeletalMesh.h">
      <Filter>include\Resources</Filter>
    </ClInclude>
    <ClInclude Include="include\eeSkeletal.h">
      <Filter>include\Resources</Filter>
    </ClInclude>
  </ItemGroup>
  <ItemGroup>
    <ClCompile Include="src\eeBaseApp.cpp">
      <Filter>src</Filter>
    </ClCompile>
    <ClCompile Include="src\eeInput.cpp">
      <Filter>src</Filter>
    </ClCompile>
    <ClCompile Include="src\eeComponent.cpp">
      <Filter>src\SceneGraph\Components</Filter>
    </ClCompile>
    <ClCompile Include="src\eeCTransform.cpp">
      <Filter>src\SceneGraph\Components</Filter>
    </ClCompile>
    <ClCompile Include="src\eeCModel.cpp">
      <Filter>src\SceneGraph\Components</Filter>
    </ClCompile>
    <ClCompile Include="src\eeCRender.cpp">
      <Filter>src\SceneGraph\Components</Filter>
    </ClCompile>
    <ClCompile Include="src\eeActor.cpp">
      <Filter>src\SceneGraph</Filter>
    </ClCompile>
    <ClCompile Include="src\eeScene.cpp">
      <Filter>src\SceneGraph</Filter>
    </ClCompile>
    <ClCompile Include="src\eeSceneManager.cpp">
      <Filter>src\SceneGraph</Filter>
    </ClCompile>
    <ClCompile Include="src\eeCCamera.cpp">
      <Filter>src\SceneGraph\Components</Filter>
    </ClCompile>
    <ClCompile Include="src\eeCAnimation.cpp">
      <Filter>src\SceneGraph\Components</Filter>
    </ClCompile>
    <ClCompile Include="src\eeCSkeletalMesh.cpp">
      <Filter>src\SceneGraph\Components</Filter>
    </ClCompile>
    <ClCompile Include="src\eeBlendState.cpp">
      <Filter>src\Graphics</Filter>
    </ClCompile>
    <ClCompile Include="src\eeBuffer.cpp">
      <Filter>src\Graphics</Filter>
    </ClCompile>
    <ClCompile Include="src\eeConstantBuffer.cpp">
      <Filter>src\Graphics</Filter>
    </ClCompile>
    <ClCompile Include="src\eeDepthStencil.cpp">
      <Filter>src\Graphics</Filter>
    </ClCompile>
    <ClCompile Include="src\eeDepthStencilState.cpp">
      <Filter>src\Graphics</Filter>
    </ClCompile>
    <ClCompile Include="..\eeUtilities\src\eeGraficsApi.cpp">
      <Filter>src\Graphics</Filter>
    </ClCompile>
    <ClCompile Include="src\eeIndexBuffer.cpp">
      <Filter>src\Graphics</Filter>
    </ClCompile>
    <ClCompile Include="src\eeInputLayout.cpp">
      <Filter>src\Graphics</Filter>
    </ClCompile>
    <ClCompile Include="src\eePixelShader.cpp">
      <Filter>src\Graphics</Filter>
    </ClCompile>
    <ClCompile Include="src\eeRasterizerState.cpp">
      <Filter>src\Graphics</Filter>
    </ClCompile>
    <ClCompile Include="src\eeRenderTarget.cpp">
      <Filter>src\Graphics</Filter>
    </ClCompile>
    <ClCompile Include="src\eeSamplerState.cpp">
      <Filter>src\Graphics</Filter>
    </ClCompile>
    <ClCompile Include="src\eeTexture.cpp">
      <Filter>src\Graphics</Filter>
    </ClCompile>
    <ClCompile Include="src\eeVertexBuffer.cpp">
      <Filter>src\Graphics</Filter>
    </ClCompile>
    <ClCompile Include="src\eeVertexShader.cpp">
      <Filter>src\Graphics</Filter>
    </ClCompile>
    <ClCompile Include="src\eeAnimation.cpp">
      <Filter>src\Resources</Filter>
    </ClCompile>
    <ClCompile Include="src\eeMesh.cpp">
      <Filter>src\Resources</Filter>
    </ClCompile>
    <ClCompile Include="src\eeModel.cpp">
      <Filter>src\Resources</Filter>
    </ClCompile>
    <ClCompile Include="src\eeObject.cpp">
      <Filter>src\Resources</Filter>
    </ClCompile>
    <ClCompile Include="src\eeResourceManager.cpp">
      <Filter>src\Resources</Filter>
    </ClCompile>
    <ClCompile Include="src\eeSkeletalMesh.cpp">
      <Filter>src\Resources</Filter>
    </ClCompile>
    <ClCompile Include="src\eeSkeletal.cpp">
      <Filter>src\Resources</Filter>
    </ClCompile>
  </ItemGroup>
</Project>