<?xml version="1.0" encoding="utf-8"?>
<Project ToolsVersion="4.0" xmlns="http://schemas.microsoft.com/developer/msbuild/2003">
  <ItemGroup>
    <Filter Include="include">
      <UniqueIdentifier>{97d6a083-0a2c-453e-9d7a-f5fbe745a3be}</UniqueIdentifier>
    </Filter>
    <Filter Include="src">
      <UniqueIdentifier>{2fbad882-d942-4d2f-8bd6-a315644d8158}</UniqueIdentifier>
    </Filter>
  </ItemGroup>
  <ItemGroup>
    <ClInclude Include="include\eePrerequisitesCore.h">
      <Filter>include</Filter>
    </ClInclude>
    <ClInclude Include="include\eeBuffer.h">
      <Filter>include</Filter>
    </ClInclude>
    <ClInclude Include="include\eeMesh.h">
      <Filter>include</Filter>
    </ClInclude>
    <ClInclude Include="include\eeModel.h">
      <Filter>include</Filter>
    </ClInclude>
    <ClInclude Include="include\eeVertex.h">
      <Filter>include</Filter>
    </ClInclude>
    <ClInclude Include="include\eeTexture.h">
      <Filter>include</Filter>
    </ClInclude>
    <ClInclude Include="include\eeInputLayout.h">
      <Filter>include</Filter>
    </ClInclude>
    <ClInclude Include="include\eePixelShader.h">
      <Filter>include</Filter>
    </ClInclude>
    <ClInclude Include="include\eeVertexShader.h">
      <Filter>include</Filter>
    </ClInclude>
    <ClInclude Include="include\eeWindow.h">
      <Filter>include</Filter>
    </ClInclude>
  </ItemGroup>
  <ItemGroup>
    <ClCompile Include="src\eeBuffer.cpp">
      <Filter>src</Filter>
    </ClCompile>
    <ClCompile Include="src\eeMesh.cpp">
      <Filter>src</Filter>
    </ClCompile>
    <ClCompile Include="src\eeModel.cpp">
      <Filter>src</Filter>
    </ClCompile>
    <ClCompile Include="src\eeVertex.cpp">
      <Filter>src</Filter>
    </ClCompile>
    <ClCompile Include="src\eeTexture.cpp">
      <Filter>src</Filter>
    </ClCompile>
    <ClCompile Include="src\eeInputLayout.cpp">
      <Filter>src</Filter>
    </ClCompile>
    <ClCompile Include="src\eePixelShader.cpp">
      <Filter>src</Filter>
    </ClCompile>
    <ClCompile Include="src\eeWindow.cpp">
      <Filter>src</Filter>
    </ClCompile>
    <ClCompile Include="src\eeVertexShader.cpp">
      <Filter>src</Filter>
    </ClCompile>
  </ItemGroup>
</Project>